
Microsoft Visual Studio Solution File, Format Version 12.00
# Visual Studio 15
VisualStudioVersion = 15.0.26124.0
MinimumVisualStudioVersion = 15.0.26124.0
Project("{F2A71F9B-5D33-465A-A702-920D77279786}") = "GraphQL.FSharp", "GraphQL.FSharp\GraphQL.FSharp.fsproj", "{58771BD7-BCBA-4201-B916-8B1C10F013AF}"
EndProject
Project("{F2A71F9B-5D33-465A-A702-920D77279786}") = "FSharp.Validation", "FSharp.Validation\FSharp.Validation.fsproj", "{1B3B166F-301C-4F29-BF1C-E9608437C394}"
EndProject
Global
	GlobalSection(SolutionConfigurationPlatforms) = preSolution
		Debug|Any CPU = Debug|Any CPU
		Debug|x64 = Debug|x64
		Debug|x86 = Debug|x86
		Release|Any CPU = Release|Any CPU
		Release|x64 = Release|x64
		Release|x86 = Release|x86
	EndGlobalSection
	GlobalSection(SolutionProperties) = preSolution
		HideSolutionNode = FALSE
	EndGlobalSection
	GlobalSection(ProjectConfigurationPlatforms) = postSolution
		{58771BD7-BCBA-4201-B916-8B1C10F013AF}.Debug|Any CPU.ActiveCfg = Debug|Any CPU
		{58771BD7-BCBA-4201-B916-8B1C10F013AF}.Debug|Any CPU.Build.0 = Debug|Any CPU
		{58771BD7-BCBA-4201-B916-8B1C10F013AF}.Debug|x64.ActiveCfg = Debug|Any CPU
		{58771BD7-BCBA-4201-B916-8B1C10F013AF}.Debug|x64.Build.0 = Debug|Any CPU
		{58771BD7-BCBA-4201-B916-8B1C10F013AF}.Debug|x86.ActiveCfg = Debug|Any CPU
		{58771BD7-BCBA-4201-B916-8B1C10F013AF}.Debug|x86.Build.0 = Debug|Any CPU
		{58771BD7-BCBA-4201-B916-8B1C10F013AF}.Release|Any CPU.ActiveCfg = Release|Any CPU
		{58771BD7-BCBA-4201-B916-8B1C10F013AF}.Release|Any CPU.Build.0 = Release|Any CPU
		{58771BD7-BCBA-4201-B916-8B1C10F013AF}.Release|x64.ActiveCfg = Release|Any CPU
		{58771BD7-BCBA-4201-B916-8B1C10F013AF}.Release|x64.Build.0 = Release|Any CPU
		{58771BD7-BCBA-4201-B916-8B1C10F013AF}.Release|x86.ActiveCfg = Release|Any CPU
		{58771BD7-BCBA-4201-B916-8B1C10F013AF}.Release|x86.Build.0 = Release|Any CPU
		{1B3B166F-301C-4F29-BF1C-E9608437C394}.Debug|Any CPU.ActiveCfg = Debug|Any CPU
		{1B3B166F-301C-4F29-BF1C-E9608437C394}.Debug|Any CPU.Build.0 = Debug|Any CPU
		{1B3B166F-301C-4F29-BF1C-E9608437C394}.Debug|x64.ActiveCfg = Debug|Any CPU
		{1B3B166F-301C-4F29-BF1C-E9608437C394}.Debug|x64.Build.0 = Debug|Any CPU
		{1B3B166F-301C-4F29-BF1C-E9608437C394}.Debug|x86.ActiveCfg = Debug|Any CPU
		{1B3B166F-301C-4F29-BF1C-E9608437C394}.Debug|x86.Build.0 = Debug|Any CPU
		{1B3B166F-301C-4F29-BF1C-E9608437C394}.Release|Any CPU.ActiveCfg = Release|Any CPU
		{1B3B166F-301C-4F29-BF1C-E9608437C394}.Release|Any CPU.Build.0 = Release|Any CPU
		{1B3B166F-301C-4F29-BF1C-E9608437C394}.Release|x64.ActiveCfg = Release|Any CPU
		{1B3B166F-301C-4F29-BF1C-E9608437C394}.Release|x64.Build.0 = Release|Any CPU
		{1B3B166F-301C-4F29-BF1C-E9608437C394}.Release|x86.ActiveCfg = Release|Any CPU
		{1B3B166F-301C-4F29-BF1C-E9608437C394}.Release|x86.Build.0 = Release|Any CPU
	EndGlobalSection
EndGlobal
